
Microsoft Visual Studio Solution File, Format Version 12.00
# Visual Studio Version 16
VisualStudioVersion = 25.0.1703.6
MinimumVisualStudioVersion = 10.0.40219.1
Project("{FAE04EC0-301F-11D3-BF4B-00C04F79EFBC}") = "Test", "Test\Test.csproj", "{5B9D3B4D-5A1A-4EF6-9D63-62095D932A37}"
EndProject
Global
	GlobalSection(SolutionConfigurationPlatforms) = preSolution
		Debug|Any CPU = Debug|Any CPU
		Release|Any CPU = Release|Any CPU
	EndGlobalSection
	GlobalSection(ProjectConfigurationPlatforms) = postSolution
		{5B9D3B4D-5A1A-4EF6-9D63-62095D932A37}.Debug|Any CPU.ActiveCfg = Debug|Any CPU
		{5B9D3B4D-5A1A-4EF6-9D63-62095D932A37}.Debug|Any CPU.Build.0 = Debug|Any CPU
		{5B9D3B4D-5A1A-4EF6-9D63-62095D932A37}.Release|Any CPU.ActiveCfg = Release|Any CPU
		{5B9D3B4D-5A1A-4EF6-9D63-62095D932A37}.Release|Any CPU.Build.0 = Release|Any CPU
	EndGlobalSection
	GlobalSection(SolutionProperties) = preSolution
		HideSolutionNode = FALSE
	EndGlobalSection
	GlobalSection(ExtensibilityGlobals) = postSolution
		SolutionGuid = {6F66A32F-D872-49BD-B02B-514F0F8527AF}
	EndGlobalSection
EndGlobal
