
Microsoft Visual Studio Solution File, Format Version 12.00
# Visual Studio Version 16
VisualStudioVersion = 25.0.1703.6
MinimumVisualStudioVersion = 10.0.40219.1
Project("{FAE04EC0-301F-11D3-BF4B-00C04F79EFBC}") = "animal_sounds", "animal_sounds\animal_sounds.csproj", "{C61EA0ED-FBA7-4E0A-B543-5A90773F4088}"
EndProject
Global
	GlobalSection(SolutionConfigurationPlatforms) = preSolution
		Debug|Any CPU = Debug|Any CPU
		Release|Any CPU = Release|Any CPU
	EndGlobalSection
	GlobalSection(ProjectConfigurationPlatforms) = postSolution
		{C61EA0ED-FBA7-4E0A-B543-5A90773F4088}.Debug|Any CPU.ActiveCfg = Debug|Any CPU
		{C61EA0ED-FBA7-4E0A-B543-5A90773F4088}.Debug|Any CPU.Build.0 = Debug|Any CPU
		{C61EA0ED-FBA7-4E0A-B543-5A90773F4088}.Release|Any CPU.ActiveCfg = Release|Any CPU
		{C61EA0ED-FBA7-4E0A-B543-5A90773F4088}.Release|Any CPU.Build.0 = Release|Any CPU
	EndGlobalSection
	GlobalSection(SolutionProperties) = preSolution
		HideSolutionNode = FALSE
	EndGlobalSection
	GlobalSection(ExtensibilityGlobals) = postSolution
		SolutionGuid = {17732337-1D46-491E-B456-E077C9ED9CAE}
	EndGlobalSection
EndGlobal
